
Microsoft Visual Studio Solution File, Format Version 12.00
# Visual Studio 15
VisualStudioVersion = 15.0.28307.757
MinimumVisualStudioVersion = 10.0.40219.1
Project("{FAE04EC0-301F-11D3-BF4B-00C04F79EFBC}") = "SampleJenkisProject", "SampleJenkisProject\SampleJenkisProject.csproj", "{48CC01CC-8AD1-4033-80B8-D726CB070D68}"
EndProject
Global
	GlobalSection(SolutionConfigurationPlatforms) = preSolution
		Debug|Any CPU = Debug|Any CPU
		Release|Any CPU = Release|Any CPU
	EndGlobalSection
	GlobalSection(ProjectConfigurationPlatforms) = postSolution
		{48CC01CC-8AD1-4033-80B8-D726CB070D68}.Debug|Any CPU.ActiveCfg = Debug|Any CPU
		{48CC01CC-8AD1-4033-80B8-D726CB070D68}.Debug|Any CPU.Build.0 = Debug|Any CPU
		{48CC01CC-8AD1-4033-80B8-D726CB070D68}.Release|Any CPU.ActiveCfg = Release|Any CPU
		{48CC01CC-8AD1-4033-80B8-D726CB070D68}.Release|Any CPU.Build.0 = Release|Any CPU
	EndGlobalSection
	GlobalSection(SolutionProperties) = preSolution
		HideSolutionNode = FALSE
	EndGlobalSection
	GlobalSection(ExtensibilityGlobals) = postSolution
		SolutionGuid = {7D7A945F-400B-4F07-9AAB-E20E5550961F}
	EndGlobalSection
EndGlobal
